
Microsoft Visual Studio Solution File, Format Version 12.00
# Visual Studio 2013
VisualStudioVersion = 12.0.21005.1
MinimumVisualStudioVersion = 10.0.40219.1
Project("{2150E333-8FDC-42A3-9474-1A3956D46DE8}") = "Frameworks", "Frameworks", "{D90F4E72-AD7E-4255-9631-AB84CBA6ABD0}"
EndProject
Project("{2150E333-8FDC-42A3-9474-1A3956D46DE8}") = ".nuget", ".nuget", "{C356577A-7736-4E9A-8D2F-0D0224E5567A}"
	ProjectSection(SolutionItems) = preProject
		.nuget\NuGet.Config = .nuget\NuGet.Config
		.nuget\NuGet.exe = .nuget\NuGet.exe
		.nuget\NuGet.targets = .nuget\NuGet.targets
	EndProjectSection
EndProject
Project("{FAE04EC0-301F-11D3-BF4B-00C04F79EFBC}") = "Northwind.Service", "Northwind.Service\Northwind.Service.csproj", "{678DB4A2-A20D-4F71-8A98-D8BBE879DEDD}"
EndProject
Project("{FAE04EC0-301F-11D3-BF4B-00C04F79EFBC}") = "Northwind.Repository", "Northwind.Repository\Northwind.Repository.csproj", "{0FB607EA-4BB3-404B-9461-2232B5423885}"
EndProject
Project("{FAE04EC0-301F-11D3-BF4B-00C04F79EFBC}") = "Northwind.Test", "Northwind.Test\Northwind.Test.csproj", "{F358A9F4-BDC6-4100-ACD9-4DBF157CE513}"
EndProject
Project("{FAE04EC0-301F-11D3-BF4B-00C04F79EFBC}") = "Northwind.Web", "Northwind.Web\Northwind.Web.csproj", "{04DC8D7D-4512-4D1C-87B2-B8360F497D0B}"
EndProject
Project("{FAE04EC0-301F-11D3-BF4B-00C04F79EFBC}") = "Northwind.Entities", "Northwind.Entities\Northwind.Entities.csproj", "{8556C7C8-72A6-4857-BAFD-489E42A2A453}"
EndProject
Project("{FAE04EC0-301F-11D3-BF4B-00C04F79EFBC}") = "Repository.Pattern", "Frameworks\Repository.Pattern\Repository.Pattern.csproj", "{061A69C6-BD6C-4DD0-8F23-CD996DF1AA51}"
EndProject
Project("{FAE04EC0-301F-11D3-BF4B-00C04F79EFBC}") = "Repository.Pattern.Ef6", "Frameworks\RepositoryPattern.Ef6\Repository.Pattern.Ef6.csproj", "{DE5256A9-874F-4BD2-BA49-E2D50C3B9D34}"
EndProject
Global
	GlobalSection(TeamFoundationVersionControl) = preSolution
		SccNumberOfProjects = 8
		SccEnterpriseProvider = {4CA58AB2-18FA-4F8D-95D4-32DDF27D184C}
		SccTeamFoundationServer = https://tfs.codeplex.com/tfs/tfs26
		SccLocalPath0 = .
		SccProjectUniqueName1 = Northwind.Service\\Northwind.Service.csproj
		SccProjectName1 = Northwind.Service
		SccLocalPath1 = Northwind.Service
		SccProjectUniqueName2 = Northwind.Repository\\Northwind.Repository.csproj
		SccProjectName2 = Northwind.Repository
		SccLocalPath2 = Northwind.Repository
		SccProjectUniqueName3 = Northwind.Test\\Northwind.Test.csproj
		SccProjectName3 = Northwind.Test
		SccLocalPath3 = Northwind.Test
		SccProjectUniqueName4 = Northwind.Web\\Northwind.Web.csproj
		SccProjectName4 = Northwind.Web
		SccLocalPath4 = Northwind.Web
		SccProjectUniqueName5 = Northwind.Entities\\Northwind.Entities.csproj
		SccProjectName5 = Northwind.Entities
		SccLocalPath5 = Northwind.Entities
		SccProjectUniqueName6 = Frameworks\\Repository.Pattern\\Repository.Pattern.csproj
		SccProjectTopLevelParentUniqueName6 = Northwind.sln
		SccProjectName6 = Frameworks/Repository.Pattern
		SccLocalPath6 = Frameworks\\Repository.Pattern
		SccProjectUniqueName7 = Frameworks\\RepositoryPattern.Ef6\\Repository.Pattern.Ef6.csproj
		SccProjectTopLevelParentUniqueName7 = Northwind.sln
		SccProjectName7 = Frameworks/RepositoryPattern.Ef6
		SccLocalPath7 = Frameworks\\RepositoryPattern.Ef6
	EndGlobalSection
	GlobalSection(SolutionConfigurationPlatforms) = preSolution
		Debug|Any CPU = Debug|Any CPU
		Debug|Mixed Platforms = Debug|Mixed Platforms
		Debug|x86 = Debug|x86
		Release|Any CPU = Release|Any CPU
		Release|Mixed Platforms = Release|Mixed Platforms
		Release|x86 = Release|x86
	EndGlobalSection
	GlobalSection(ProjectConfigurationPlatforms) = postSolution
		{678DB4A2-A20D-4F71-8A98-D8BBE879DEDD}.Debug|Any CPU.ActiveCfg = Debug|Any CPU
		{678DB4A2-A20D-4F71-8A98-D8BBE879DEDD}.Debug|Any CPU.Build.0 = Debug|Any CPU
		{678DB4A2-A20D-4F71-8A98-D8BBE879DEDD}.Debug|Mixed Platforms.ActiveCfg = Debug|Any CPU
		{678DB4A2-A20D-4F71-8A98-D8BBE879DEDD}.Debug|Mixed Platforms.Build.0 = Debug|Any CPU
		{678DB4A2-A20D-4F71-8A98-D8BBE879DEDD}.Debug|x86.ActiveCfg = Debug|Any CPU
		{678DB4A2-A20D-4F71-8A98-D8BBE879DEDD}.Release|Any CPU.ActiveCfg = Release|Any CPU
		{678DB4A2-A20D-4F71-8A98-D8BBE879DEDD}.Release|Any CPU.Build.0 = Release|Any CPU
		{678DB4A2-A20D-4F71-8A98-D8BBE879DEDD}.Release|Mixed Platforms.ActiveCfg = Release|Any CPU
		{678DB4A2-A20D-4F71-8A98-D8BBE879DEDD}.Release|Mixed Platforms.Build.0 = Release|Any CPU
		{678DB4A2-A20D-4F71-8A98-D8BBE879DEDD}.Release|x86.ActiveCfg = Release|Any CPU
		{0FB607EA-4BB3-404B-9461-2232B5423885}.Debug|Any CPU.ActiveCfg = Debug|Any CPU
		{0FB607EA-4BB3-404B-9461-2232B5423885}.Debug|Any CPU.Build.0 = Debug|Any CPU
		{0FB607EA-4BB3-404B-9461-2232B5423885}.Debug|Mixed Platforms.ActiveCfg = Debug|Any CPU
		{0FB607EA-4BB3-404B-9461-2232B5423885}.Debug|Mixed Platforms.Build.0 = Debug|Any CPU
		{0FB607EA-4BB3-404B-9461-2232B5423885}.Debug|x86.ActiveCfg = Debug|Any CPU
		{0FB607EA-4BB3-404B-9461-2232B5423885}.Release|Any CPU.ActiveCfg = Release|Any CPU
		{0FB607EA-4BB3-404B-9461-2232B5423885}.Release|Any CPU.Build.0 = Release|Any CPU
		{0FB607EA-4BB3-404B-9461-2232B5423885}.Release|Mixed Platforms.ActiveCfg = Release|Any CPU
		{0FB607EA-4BB3-404B-9461-2232B5423885}.Release|Mixed Platforms.Build.0 = Release|Any CPU
		{0FB607EA-4BB3-404B-9461-2232B5423885}.Release|x86.ActiveCfg = Release|Any CPU
		{F358A9F4-BDC6-4100-ACD9-4DBF157CE513}.Debug|Any CPU.ActiveCfg = Debug|Any CPU
		{F358A9F4-BDC6-4100-ACD9-4DBF157CE513}.Debug|Any CPU.Build.0 = Debug|Any CPU
		{F358A9F4-BDC6-4100-ACD9-4DBF157CE513}.Debug|Mixed Platforms.ActiveCfg = Debug|Any CPU
		{F358A9F4-BDC6-4100-ACD9-4DBF157CE513}.Debug|Mixed Platforms.Build.0 = Debug|Any CPU
		{F358A9F4-BDC6-4100-ACD9-4DBF157CE513}.Debug|x86.ActiveCfg = Debug|Any CPU
		{F358A9F4-BDC6-4100-ACD9-4DBF157CE513}.Release|Any CPU.ActiveCfg = Release|Any CPU
		{F358A9F4-BDC6-4100-ACD9-4DBF157CE513}.Release|Any CPU.Build.0 = Release|Any CPU
		{F358A9F4-BDC6-4100-ACD9-4DBF157CE513}.Release|Mixed Platforms.ActiveCfg = Release|Any CPU
		{F358A9F4-BDC6-4100-ACD9-4DBF157CE513}.Release|Mixed Platforms.Build.0 = Release|Any CPU
		{F358A9F4-BDC6-4100-ACD9-4DBF157CE513}.Release|x86.ActiveCfg = Release|Any CPU
		{04DC8D7D-4512-4D1C-87B2-B8360F497D0B}.Debug|Any CPU.ActiveCfg = Debug|Any CPU
		{04DC8D7D-4512-4D1C-87B2-B8360F497D0B}.Debug|Any CPU.Build.0 = Debug|Any CPU
		{04DC8D7D-4512-4D1C-87B2-B8360F497D0B}.Debug|Mixed Platforms.ActiveCfg = Debug|Any CPU
		{04DC8D7D-4512-4D1C-87B2-B8360F497D0B}.Debug|Mixed Platforms.Build.0 = Debug|Any CPU
		{04DC8D7D-4512-4D1C-87B2-B8360F497D0B}.Debug|x86.ActiveCfg = Debug|Any CPU
		{04DC8D7D-4512-4D1C-87B2-B8360F497D0B}.Release|Any CPU.ActiveCfg = Release|Any CPU
		{04DC8D7D-4512-4D1C-87B2-B8360F497D0B}.Release|Any CPU.Build.0 = Release|Any CPU
		{04DC8D7D-4512-4D1C-87B2-B8360F497D0B}.Release|Mixed Platforms.ActiveCfg = Release|Any CPU
		{04DC8D7D-4512-4D1C-87B2-B8360F497D0B}.Release|Mixed Platforms.Build.0 = Release|Any CPU
		{04DC8D7D-4512-4D1C-87B2-B8360F497D0B}.Release|x86.ActiveCfg = Release|Any CPU
		{8556C7C8-72A6-4857-BAFD-489E42A2A453}.Debug|Any CPU.ActiveCfg = Debug|Any CPU
		{8556C7C8-72A6-4857-BAFD-489E42A2A453}.Debug|Any CPU.Build.0 = Debug|Any CPU
		{8556C7C8-72A6-4857-BAFD-489E42A2A453}.Debug|Mixed Platforms.ActiveCfg = Debug|Any CPU
		{8556C7C8-72A6-4857-BAFD-489E42A2A453}.Debug|Mixed Platforms.Build.0 = Debug|Any CPU
		{8556C7C8-72A6-4857-BAFD-489E42A2A453}.Debug|x86.ActiveCfg = Debug|Any CPU
		{8556C7C8-72A6-4857-BAFD-489E42A2A453}.Release|Any CPU.ActiveCfg = Release|Any CPU
		{8556C7C8-72A6-4857-BAFD-489E42A2A453}.Release|Any CPU.Build.0 = Release|Any CPU
		{8556C7C8-72A6-4857-BAFD-489E42A2A453}.Release|Mixed Platforms.ActiveCfg = Release|Any CPU
		{8556C7C8-72A6-4857-BAFD-489E42A2A453}.Release|Mixed Platforms.Build.0 = Release|Any CPU
		{8556C7C8-72A6-4857-BAFD-489E42A2A453}.Release|x86.ActiveCfg = Release|Any CPU
		{061A69C6-BD6C-4DD0-8F23-CD996DF1AA51}.Debug|Any CPU.ActiveCfg = Debug|Any CPU
		{061A69C6-BD6C-4DD0-8F23-CD996DF1AA51}.Debug|Any CPU.Build.0 = Debug|Any CPU
		{061A69C6-BD6C-4DD0-8F23-CD996DF1AA51}.Debug|Mixed Platforms.ActiveCfg = Debug|Any CPU
		{061A69C6-BD6C-4DD0-8F23-CD996DF1AA51}.Debug|Mixed Platforms.Build.0 = Debug|Any CPU
		{061A69C6-BD6C-4DD0-8F23-CD996DF1AA51}.Debug|x86.ActiveCfg = Debug|Any CPU
		{061A69C6-BD6C-4DD0-8F23-CD996DF1AA51}.Release|Any CPU.ActiveCfg = Release|Any CPU
		{061A69C6-BD6C-4DD0-8F23-CD996DF1AA51}.Release|Any CPU.Build.0 = Release|Any CPU
		{061A69C6-BD6C-4DD0-8F23-CD996DF1AA51}.Release|Mixed Platforms.ActiveCfg = Release|Any CPU
		{061A69C6-BD6C-4DD0-8F23-CD996DF1AA51}.Release|Mixed Platforms.Build.0 = Release|Any CPU
		{061A69C6-BD6C-4DD0-8F23-CD996DF1AA51}.Release|x86.ActiveCfg = Release|Any CPU
		{DE5256A9-874F-4BD2-BA49-E2D50C3B9D34}.Debug|Any CPU.ActiveCfg = Debug|Any CPU
		{DE5256A9-874F-4BD2-BA49-E2D50C3B9D34}.Debug|Any CPU.Build.0 = Debug|Any CPU
		{DE5256A9-874F-4BD2-BA49-E2D50C3B9D34}.Debug|Mixed Platforms.ActiveCfg = Debug|Any CPU
		{DE5256A9-874F-4BD2-BA49-E2D50C3B9D34}.Debug|Mixed Platforms.Build.0 = Debug|Any CPU
		{DE5256A9-874F-4BD2-BA49-E2D50C3B9D34}.Debug|x86.ActiveCfg = Debug|Any CPU
		{DE5256A9-874F-4BD2-BA49-E2D50C3B9D34}.Release|Any CPU.ActiveCfg = Release|Any CPU
		{DE5256A9-874F-4BD2-BA49-E2D50C3B9D34}.Release|Any CPU.Build.0 = Release|Any CPU
		{DE5256A9-874F-4BD2-BA49-E2D50C3B9D34}.Release|Mixed Platforms.ActiveCfg = Release|Any CPU
		{DE5256A9-874F-4BD2-BA49-E2D50C3B9D34}.Release|Mixed Platforms.Build.0 = Release|Any CPU
		{DE5256A9-874F-4BD2-BA49-E2D50C3B9D34}.Release|x86.ActiveCfg = Release|Any CPU
	EndGlobalSection
	GlobalSection(SolutionProperties) = preSolution
		HideSolutionNode = FALSE
	EndGlobalSection
	GlobalSection(NestedProjects) = preSolution
		{061A69C6-BD6C-4DD0-8F23-CD996DF1AA51} = {D90F4E72-AD7E-4255-9631-AB84CBA6ABD0}
		{DE5256A9-874F-4BD2-BA49-E2D50C3B9D34} = {D90F4E72-AD7E-4255-9631-AB84CBA6ABD0}
	EndGlobalSection
	GlobalSection(ExtensibilityGlobals) = postSolution
		EnterpriseLibraryConfigurationToolBinariesPathV6 = packages\EnterpriseLibrary.TransientFaultHandling.6.0.1304.0\lib\portable-net45+win+wp8;packages\EnterpriseLibrary.TransientFaultHandling.Data.6.0.1304.1\lib\NET45;packages\EnterpriseLibrary.Common.6.0.1304.0\lib\NET45;packages\EnterpriseLibrary.ExceptionHandling.6.0.1304.0\lib\NET45
	EndGlobalSection
EndGlobal
