
Microsoft Visual Studio Solution File, Format Version 12.00
# Visual Studio 2013
VisualStudioVersion = 12.0.21005.1
MinimumVisualStudioVersion = 10.0.40219.1
Project("{FAE04EC0-301F-11D3-BF4B-00C04F79EFBC}") = "Repository.Pattern", "Repository.Pattern\Repository.Pattern.csproj", "{6E682A14-C872-4813-B620-76E108DEA683}"
EndProject
Project("{FAE04EC0-301F-11D3-BF4B-00C04F79EFBC}") = "Repository.Pattern.Ef6", "Repository.Pattern.Ef6\Repository.Pattern.Ef6.csproj", "{F68A1D19-93FB-47C1-A22B-42BEA3E4FD8C}"
EndProject
Global
	GlobalSection(SolutionConfigurationPlatforms) = preSolution
		Debug|Any CPU = Debug|Any CPU
		Debug|x86 = Debug|x86
		Release|Any CPU = Release|Any CPU
		Release|x86 = Release|x86
	EndGlobalSection
	GlobalSection(ProjectConfigurationPlatforms) = postSolution
		{6E682A14-C872-4813-B620-76E108DEA683}.Debug|Any CPU.ActiveCfg = Debug|Any CPU
		{6E682A14-C872-4813-B620-76E108DEA683}.Debug|Any CPU.Build.0 = Debug|Any CPU
		{6E682A14-C872-4813-B620-76E108DEA683}.Debug|x86.ActiveCfg = Debug|x86
		{6E682A14-C872-4813-B620-76E108DEA683}.Debug|x86.Build.0 = Debug|x86
		{6E682A14-C872-4813-B620-76E108DEA683}.Release|Any CPU.ActiveCfg = Release|Any CPU
		{6E682A14-C872-4813-B620-76E108DEA683}.Release|Any CPU.Build.0 = Release|Any CPU
		{6E682A14-C872-4813-B620-76E108DEA683}.Release|x86.ActiveCfg = Release|x86
		{6E682A14-C872-4813-B620-76E108DEA683}.Release|x86.Build.0 = Release|x86
		{F68A1D19-93FB-47C1-A22B-42BEA3E4FD8C}.Debug|Any CPU.ActiveCfg = Debug|Any CPU
		{F68A1D19-93FB-47C1-A22B-42BEA3E4FD8C}.Debug|Any CPU.Build.0 = Debug|Any CPU
		{F68A1D19-93FB-47C1-A22B-42BEA3E4FD8C}.Debug|x86.ActiveCfg = Debug|Any CPU
		{F68A1D19-93FB-47C1-A22B-42BEA3E4FD8C}.Release|Any CPU.ActiveCfg = Release|Any CPU
		{F68A1D19-93FB-47C1-A22B-42BEA3E4FD8C}.Release|Any CPU.Build.0 = Release|Any CPU
		{F68A1D19-93FB-47C1-A22B-42BEA3E4FD8C}.Release|x86.ActiveCfg = Release|Any CPU
	EndGlobalSection
	GlobalSection(SolutionProperties) = preSolution
		HideSolutionNode = FALSE
	EndGlobalSection
EndGlobal
