Microsoft Visual Studio Solution File, Format Version 12.00
# Visual Studio 2013
VisualStudioVersion = 12.0.30110.0
MinimumVisualStudioVersion = 10.0.40219.1
Project("{2150E333-8FDC-42A3-9474-1A3956D46DE8}") = "Frameworks", "Frameworks", "{D90F4E72-AD7E-4255-9631-AB84CBA6ABD0}"
EndProject
Project("{FAE04EC0-301F-11D3-BF4B-00C04F79EFBC}") = "Repository.Pattern", "..\Source\Repository.Pattern\Repository.Pattern.csproj", "{6E682A14-C872-4813-B620-76E108DEA683}"
EndProject
Project("{FAE04EC0-301F-11D3-BF4B-00C04F79EFBC}") = "Northwind.Service", "Northwind.Service\Northwind.Service.csproj", "{678DB4A2-A20D-4F71-8A98-D8BBE879DEDD}"
EndProject
Project("{FAE04EC0-301F-11D3-BF4B-00C04F79EFBC}") = "Northwind.Repository", "Northwind.Repository\Northwind.Repository.csproj", "{0FB607EA-4BB3-404B-9461-2232B5423885}"
EndProject
Project("{FAE04EC0-301F-11D3-BF4B-00C04F79EFBC}") = "Northwind.Test", "Northwind.Test\Northwind.Test.csproj", "{F358A9F4-BDC6-4100-ACD9-4DBF157CE513}"
EndProject
Project("{FAE04EC0-301F-11D3-BF4B-00C04F79EFBC}") = "Northwind.Web", "Northwind.Web\Northwind.Web.csproj", "{04DC8D7D-4512-4D1C-87B2-B8360F497D0B}"
EndProject
Project("{FAE04EC0-301F-11D3-BF4B-00C04F79EFBC}") = "Repository.Pattern.Ef6", "..\Source\Repository.Pattern.Ef6\Repository.Pattern.Ef6.csproj", "{F68A1D19-93FB-47C1-A22B-42BEA3E4FD8C}"
EndProject
Project("{2150E333-8FDC-42A3-9474-1A3956D46DE8}") = ".nuget", ".nuget", "{DF45EA4A-18F0-4579-97DF-E4882A8D747B}"
	ProjectSection(SolutionItems) = preProject
		.nuget\NuGet.Config = .nuget\NuGet.Config
		.nuget\NuGet.exe = .nuget\NuGet.exe
		.nuget\NuGet.targets = .nuget\NuGet.targets
	EndProjectSection
EndProject
Project("{FAE04EC0-301F-11D3-BF4B-00C04F79EFBC}") = "Northwind.Entities", "Northwind.Entities\Northwind.Entities.csproj", "{94E81D48-74B2-42EB-B389-F25C8C23F9C4}"
EndProject
Project("{FAE04EC0-301F-11D3-BF4B-00C04F79EFBC}") = "Service.Pattern", "..\Source\Service.Pattern\Service.Pattern.csproj", "{86F86650-EE3C-4372-8FEC-40C2FE015022}"
EndProject
Global
	GlobalSection(SolutionConfigurationPlatforms) = preSolution
		Debug|Any CPU = Debug|Any CPU
		Debug|Mixed Platforms = Debug|Mixed Platforms
		Debug|x86 = Debug|x86
		Release|Any CPU = Release|Any CPU
		Release|Mixed Platforms = Release|Mixed Platforms
		Release|x86 = Release|x86
	EndGlobalSection
	GlobalSection(ProjectConfigurationPlatforms) = postSolution
		{6E682A14-C872-4813-B620-76E108DEA683}.Debug|Any CPU.ActiveCfg = Debug|Any CPU
		{6E682A14-C872-4813-B620-76E108DEA683}.Debug|Any CPU.Build.0 = Debug|Any CPU
		{6E682A14-C872-4813-B620-76E108DEA683}.Debug|Mixed Platforms.ActiveCfg = Debug|Any CPU
		{6E682A14-C872-4813-B620-76E108DEA683}.Debug|Mixed Platforms.Build.0 = Debug|Any CPU
		{6E682A14-C872-4813-B620-76E108DEA683}.Debug|x86.ActiveCfg = Debug|x86
		{6E682A14-C872-4813-B620-76E108DEA683}.Debug|x86.Build.0 = Debug|x86
		{6E682A14-C872-4813-B620-76E108DEA683}.Release|Any CPU.ActiveCfg = Release|Any CPU
		{6E682A14-C872-4813-B620-76E108DEA683}.Release|Any CPU.Build.0 = Release|Any CPU
		{6E682A14-C872-4813-B620-76E108DEA683}.Release|Mixed Platforms.ActiveCfg = Release|x86
		{6E682A14-C872-4813-B620-76E108DEA683}.Release|Mixed Platforms.Build.0 = Release|x86
		{6E682A14-C872-4813-B620-76E108DEA683}.Release|x86.ActiveCfg = Release|x86
		{6E682A14-C872-4813-B620-76E108DEA683}.Release|x86.Build.0 = Release|x86
		{678DB4A2-A20D-4F71-8A98-D8BBE879DEDD}.Debug|Any CPU.ActiveCfg = Debug|Any CPU
		{678DB4A2-A20D-4F71-8A98-D8BBE879DEDD}.Debug|Any CPU.Build.0 = Debug|Any CPU
		{678DB4A2-A20D-4F71-8A98-D8BBE879DEDD}.Debug|Mixed Platforms.ActiveCfg = Debug|Any CPU
		{678DB4A2-A20D-4F71-8A98-D8BBE879DEDD}.Debug|Mixed Platforms.Build.0 = Debug|Any CPU
		{678DB4A2-A20D-4F71-8A98-D8BBE879DEDD}.Debug|x86.ActiveCfg = Debug|Any CPU
		{678DB4A2-A20D-4F71-8A98-D8BBE879DEDD}.Release|Any CPU.ActiveCfg = Release|Any CPU
		{678DB4A2-A20D-4F71-8A98-D8BBE879DEDD}.Release|Any CPU.Build.0 = Release|Any CPU
		{678DB4A2-A20D-4F71-8A98-D8BBE879DEDD}.Release|Mixed Platforms.ActiveCfg = Release|Any CPU
		{678DB4A2-A20D-4F71-8A98-D8BBE879DEDD}.Release|Mixed Platforms.Build.0 = Release|Any CPU
		{678DB4A2-A20D-4F71-8A98-D8BBE879DEDD}.Release|x86.ActiveCfg = Release|Any CPU
		{0FB607EA-4BB3-404B-9461-2232B5423885}.Debug|Any CPU.ActiveCfg = Debug|Any CPU
		{0FB607EA-4BB3-404B-9461-2232B5423885}.Debug|Any CPU.Build.0 = Debug|Any CPU
		{0FB607EA-4BB3-404B-9461-2232B5423885}.Debug|Mixed Platforms.ActiveCfg = Debug|Any CPU
		{0FB607EA-4BB3-404B-9461-2232B5423885}.Debug|Mixed Platforms.Build.0 = Debug|Any CPU
		{0FB607EA-4BB3-404B-9461-2232B5423885}.Debug|x86.ActiveCfg = Debug|Any CPU
		{0FB607EA-4BB3-404B-9461-2232B5423885}.Release|Any CPU.ActiveCfg = Release|Any CPU
		{0FB607EA-4BB3-404B-9461-2232B5423885}.Release|Any CPU.Build.0 = Release|Any CPU
		{0FB607EA-4BB3-404B-9461-2232B5423885}.Release|Mixed Platforms.ActiveCfg = Release|Any CPU
		{0FB607EA-4BB3-404B-9461-2232B5423885}.Release|Mixed Platforms.Build.0 = Release|Any CPU
		{0FB607EA-4BB3-404B-9461-2232B5423885}.Release|x86.ActiveCfg = Release|Any CPU
		{F358A9F4-BDC6-4100-ACD9-4DBF157CE513}.Debug|Any CPU.ActiveCfg = Debug|Any CPU
		{F358A9F4-BDC6-4100-ACD9-4DBF157CE513}.Debug|Any CPU.Build.0 = Debug|Any CPU
		{F358A9F4-BDC6-4100-ACD9-4DBF157CE513}.Debug|Mixed Platforms.ActiveCfg = Debug|Any CPU
		{F358A9F4-BDC6-4100-ACD9-4DBF157CE513}.Debug|Mixed Platforms.Build.0 = Debug|Any CPU
		{F358A9F4-BDC6-4100-ACD9-4DBF157CE513}.Debug|x86.ActiveCfg = Debug|Any CPU
		{F358A9F4-BDC6-4100-ACD9-4DBF157CE513}.Release|Any CPU.ActiveCfg = Release|Any CPU
		{F358A9F4-BDC6-4100-ACD9-4DBF157CE513}.Release|Any CPU.Build.0 = Release|Any CPU
		{F358A9F4-BDC6-4100-ACD9-4DBF157CE513}.Release|Mixed Platforms.ActiveCfg = Release|Any CPU
		{F358A9F4-BDC6-4100-ACD9-4DBF157CE513}.Release|Mixed Platforms.Build.0 = Release|Any CPU
		{F358A9F4-BDC6-4100-ACD9-4DBF157CE513}.Release|x86.ActiveCfg = Release|Any CPU
		{04DC8D7D-4512-4D1C-87B2-B8360F497D0B}.Debug|Any CPU.ActiveCfg = Debug|Any CPU
		{04DC8D7D-4512-4D1C-87B2-B8360F497D0B}.Debug|Any CPU.Build.0 = Debug|Any CPU
		{04DC8D7D-4512-4D1C-87B2-B8360F497D0B}.Debug|Mixed Platforms.ActiveCfg = Debug|Any CPU
		{04DC8D7D-4512-4D1C-87B2-B8360F497D0B}.Debug|Mixed Platforms.Build.0 = Debug|Any CPU
		{04DC8D7D-4512-4D1C-87B2-B8360F497D0B}.Debug|x86.ActiveCfg = Debug|Any CPU
		{04DC8D7D-4512-4D1C-87B2-B8360F497D0B}.Release|Any CPU.ActiveCfg = Release|Any CPU
		{04DC8D7D-4512-4D1C-87B2-B8360F497D0B}.Release|Any CPU.Build.0 = Release|Any CPU
		{04DC8D7D-4512-4D1C-87B2-B8360F497D0B}.Release|Mixed Platforms.ActiveCfg = Release|Any CPU
		{04DC8D7D-4512-4D1C-87B2-B8360F497D0B}.Release|Mixed Platforms.Build.0 = Release|Any CPU
		{04DC8D7D-4512-4D1C-87B2-B8360F497D0B}.Release|x86.ActiveCfg = Release|Any CPU
		{F68A1D19-93FB-47C1-A22B-42BEA3E4FD8C}.Debug|Any CPU.ActiveCfg = Debug|Any CPU
		{F68A1D19-93FB-47C1-A22B-42BEA3E4FD8C}.Debug|Any CPU.Build.0 = Debug|Any CPU
		{F68A1D19-93FB-47C1-A22B-42BEA3E4FD8C}.Debug|Mixed Platforms.ActiveCfg = Debug|Any CPU
		{F68A1D19-93FB-47C1-A22B-42BEA3E4FD8C}.Debug|Mixed Platforms.Build.0 = Debug|Any CPU
		{F68A1D19-93FB-47C1-A22B-42BEA3E4FD8C}.Debug|x86.ActiveCfg = Debug|Any CPU
		{F68A1D19-93FB-47C1-A22B-42BEA3E4FD8C}.Release|Any CPU.ActiveCfg = Release|Any CPU
		{F68A1D19-93FB-47C1-A22B-42BEA3E4FD8C}.Release|Any CPU.Build.0 = Release|Any CPU
		{F68A1D19-93FB-47C1-A22B-42BEA3E4FD8C}.Release|Mixed Platforms.ActiveCfg = Release|Any CPU
		{F68A1D19-93FB-47C1-A22B-42BEA3E4FD8C}.Release|Mixed Platforms.Build.0 = Release|Any CPU
		{F68A1D19-93FB-47C1-A22B-42BEA3E4FD8C}.Release|x86.ActiveCfg = Release|Any CPU
		{94E81D48-74B2-42EB-B389-F25C8C23F9C4}.Debug|Any CPU.ActiveCfg = Debug|Any CPU
		{94E81D48-74B2-42EB-B389-F25C8C23F9C4}.Debug|Any CPU.Build.0 = Debug|Any CPU
		{94E81D48-74B2-42EB-B389-F25C8C23F9C4}.Debug|Mixed Platforms.ActiveCfg = Debug|Any CPU
		{94E81D48-74B2-42EB-B389-F25C8C23F9C4}.Debug|Mixed Platforms.Build.0 = Debug|Any CPU
		{94E81D48-74B2-42EB-B389-F25C8C23F9C4}.Debug|x86.ActiveCfg = Debug|Any CPU
		{94E81D48-74B2-42EB-B389-F25C8C23F9C4}.Release|Any CPU.ActiveCfg = Release|Any CPU
		{94E81D48-74B2-42EB-B389-F25C8C23F9C4}.Release|Any CPU.Build.0 = Release|Any CPU
		{94E81D48-74B2-42EB-B389-F25C8C23F9C4}.Release|Mixed Platforms.ActiveCfg = Release|Any CPU
		{94E81D48-74B2-42EB-B389-F25C8C23F9C4}.Release|Mixed Platforms.Build.0 = Release|Any CPU
		{94E81D48-74B2-42EB-B389-F25C8C23F9C4}.Release|x86.ActiveCfg = Release|Any CPU
		{86F86650-EE3C-4372-8FEC-40C2FE015022}.Debug|Any CPU.ActiveCfg = Debug|Any CPU
		{86F86650-EE3C-4372-8FEC-40C2FE015022}.Debug|Any CPU.Build.0 = Debug|Any CPU
		{86F86650-EE3C-4372-8FEC-40C2FE015022}.Debug|Mixed Platforms.ActiveCfg = Debug|Any CPU
		{86F86650-EE3C-4372-8FEC-40C2FE015022}.Debug|Mixed Platforms.Build.0 = Debug|Any CPU
		{86F86650-EE3C-4372-8FEC-40C2FE015022}.Debug|x86.ActiveCfg = Debug|Any CPU
		{86F86650-EE3C-4372-8FEC-40C2FE015022}.Release|Any CPU.ActiveCfg = Release|Any CPU
		{86F86650-EE3C-4372-8FEC-40C2FE015022}.Release|Any CPU.Build.0 = Release|Any CPU
		{86F86650-EE3C-4372-8FEC-40C2FE015022}.Release|Mixed Platforms.ActiveCfg = Release|Any CPU
		{86F86650-EE3C-4372-8FEC-40C2FE015022}.Release|Mixed Platforms.Build.0 = Release|Any CPU
		{86F86650-EE3C-4372-8FEC-40C2FE015022}.Release|x86.ActiveCfg = Release|Any CPU
	EndGlobalSection
	GlobalSection(SolutionProperties) = preSolution
		HideSolutionNode = FALSE
	EndGlobalSection
	GlobalSection(NestedProjects) = preSolution
		{6E682A14-C872-4813-B620-76E108DEA683} = {D90F4E72-AD7E-4255-9631-AB84CBA6ABD0}
		{F68A1D19-93FB-47C1-A22B-42BEA3E4FD8C} = {D90F4E72-AD7E-4255-9631-AB84CBA6ABD0}
		{86F86650-EE3C-4372-8FEC-40C2FE015022} = {D90F4E72-AD7E-4255-9631-AB84CBA6ABD0}
	EndGlobalSection
	GlobalSection(ExtensibilityGlobals) = postSolution
		EnterpriseLibraryConfigurationToolBinariesPathV6 = packages\EnterpriseLibrary.TransientFaultHandling.6.0.1304.0\lib\portable-net45+win+wp8;packages\EnterpriseLibrary.TransientFaultHandling.Data.6.0.1304.1\lib\NET45;packages\EnterpriseLibrary.Common.6.0.1304.0\lib\NET45;packages\EnterpriseLibrary.ExceptionHandling.6.0.1304.0\lib\NET45
	EndGlobalSection
EndGlobal
