
Microsoft Visual Studio Solution File, Format Version 12.00
# Visual Studio 2013
VisualStudioVersion = 12.0.20827.3
MinimumVisualStudioVersion = 10.0.40219.1
Project("{FAE04EC0-301F-11D3-BF4B-00C04F79EFBC}") = "Northwind.Data", "Northwind.Data\Northwind.Data.csproj", "{8672834B-B47A-4E6A-9BB6-26489726FD18}"
EndProject
Project("{FAE04EC0-301F-11D3-BF4B-00C04F79EFBC}") = "Northwind.Web", "Northwind.Web\Northwind.Web.csproj", "{5104D35B-733D-4FDE-99DB-4AF146A15953}"
EndProject
Project("{FAE04EC0-301F-11D3-BF4B-00C04F79EFBC}") = "Northwind.Entity", "Northwind.Entity\Northwind.Entity.csproj", "{C100E51A-2C9D-4621-A82C-5FA473CA71C9}"
EndProject
Project("{2150E333-8FDC-42A3-9474-1A3956D46DE8}") = "Frameworks", "Frameworks", "{D90F4E72-AD7E-4255-9631-AB84CBA6ABD0}"
EndProject
Project("{FAE04EC0-301F-11D3-BF4B-00C04F79EFBC}") = "Repository", "Repository\Repository.csproj", "{6E682A14-C872-4813-B620-76E108DEA683}"
EndProject
Project("{FAE04EC0-301F-11D3-BF4B-00C04F79EFBC}") = "Validation", "Validation\Validation.csproj", "{6BB1B17C-ADB6-4019-9028-EA8865DB8E7B}"
EndProject
Project("{2150E333-8FDC-42A3-9474-1A3956D46DE8}") = ".nuget", ".nuget", "{C356577A-7736-4E9A-8D2F-0D0224E5567A}"
	ProjectSection(SolutionItems) = preProject
		.nuget\NuGet.Config = .nuget\NuGet.Config
		.nuget\NuGet.exe = .nuget\NuGet.exe
		.nuget\NuGet.targets = .nuget\NuGet.targets
	EndProjectSection
EndProject
Project("{FAE04EC0-301F-11D3-BF4B-00C04F79EFBC}") = "Northwind.Service", "Northwind.Service\Northwind.Service.csproj", "{678DB4A2-A20D-4F71-8A98-D8BBE879DEDD}"
EndProject
Project("{FAE04EC0-301F-11D3-BF4B-00C04F79EFBC}") = "Northwind.Repository", "Northwind.Repository\Northwind.Repository.csproj", "{0FB607EA-4BB3-404B-9461-2232B5423885}"
EndProject
Global
	GlobalSection(TeamFoundationVersionControl) = preSolution
		SccNumberOfProjects = 8
		SccEnterpriseProvider = {4CA58AB2-18FA-4F8D-95D4-32DDF27D184C}
		SccTeamFoundationServer = https://tfs.codeplex.com/tfs/tfs26
		SccLocalPath0 = .
		SccProjectUniqueName1 = Northwind.Data\\Northwind.Data.csproj
		SccProjectName1 = Northwind.Data
		SccLocalPath1 = Northwind.Data
		SccProjectUniqueName2 = Northwind.Web\\Northwind.Web.csproj
		SccProjectName2 = Northwind.Web
		SccLocalPath2 = Northwind.Web
		SccProjectUniqueName3 = Northwind.Entity\\Northwind.Entity.csproj
		SccProjectName3 = Northwind.Entity
		SccLocalPath3 = Northwind.Entity
		SccProjectUniqueName4 = Repository\\Repository.csproj
		SccProjectTopLevelParentUniqueName4 = Northwind.sln
		SccProjectName4 = Repository
		SccLocalPath4 = Repository
		SccProjectUniqueName5 = Validation\\Validation.csproj
		SccProjectTopLevelParentUniqueName5 = Northwind.sln
		SccProjectName5 = Validation
		SccLocalPath5 = Validation
		SccProjectUniqueName6 = Northwind.Service\\Northwind.Service.csproj
		SccProjectName6 = Northwind.Service
		SccLocalPath6 = Northwind.Service
		SccProjectUniqueName7 = Northwind.Repository\\Northwind.Repository.csproj
		SccProjectName7 = Northwind.Repository
		SccLocalPath7 = Northwind.Repository
	EndGlobalSection
	GlobalSection(SolutionConfigurationPlatforms) = preSolution
		Debug|Any CPU = Debug|Any CPU
		Debug|x86 = Debug|x86
		Release|Any CPU = Release|Any CPU
		Release|x86 = Release|x86
	EndGlobalSection
	GlobalSection(ProjectConfigurationPlatforms) = postSolution
		{8672834B-B47A-4E6A-9BB6-26489726FD18}.Debug|Any CPU.ActiveCfg = Debug|Any CPU
		{8672834B-B47A-4E6A-9BB6-26489726FD18}.Debug|Any CPU.Build.0 = Debug|Any CPU
		{8672834B-B47A-4E6A-9BB6-26489726FD18}.Debug|x86.ActiveCfg = Debug|x86
		{8672834B-B47A-4E6A-9BB6-26489726FD18}.Debug|x86.Build.0 = Debug|x86
		{8672834B-B47A-4E6A-9BB6-26489726FD18}.Release|Any CPU.ActiveCfg = Release|Any CPU
		{8672834B-B47A-4E6A-9BB6-26489726FD18}.Release|Any CPU.Build.0 = Release|Any CPU
		{8672834B-B47A-4E6A-9BB6-26489726FD18}.Release|x86.ActiveCfg = Release|x86
		{8672834B-B47A-4E6A-9BB6-26489726FD18}.Release|x86.Build.0 = Release|x86
		{5104D35B-733D-4FDE-99DB-4AF146A15953}.Debug|Any CPU.ActiveCfg = Debug|Any CPU
		{5104D35B-733D-4FDE-99DB-4AF146A15953}.Debug|Any CPU.Build.0 = Debug|Any CPU
		{5104D35B-733D-4FDE-99DB-4AF146A15953}.Debug|x86.ActiveCfg = Debug|x86
		{5104D35B-733D-4FDE-99DB-4AF146A15953}.Debug|x86.Build.0 = Debug|x86
		{5104D35B-733D-4FDE-99DB-4AF146A15953}.Release|Any CPU.ActiveCfg = Release|Any CPU
		{5104D35B-733D-4FDE-99DB-4AF146A15953}.Release|Any CPU.Build.0 = Release|Any CPU
		{5104D35B-733D-4FDE-99DB-4AF146A15953}.Release|x86.ActiveCfg = Release|x86
		{5104D35B-733D-4FDE-99DB-4AF146A15953}.Release|x86.Build.0 = Release|x86
		{C100E51A-2C9D-4621-A82C-5FA473CA71C9}.Debug|Any CPU.ActiveCfg = Debug|Any CPU
		{C100E51A-2C9D-4621-A82C-5FA473CA71C9}.Debug|Any CPU.Build.0 = Debug|Any CPU
		{C100E51A-2C9D-4621-A82C-5FA473CA71C9}.Debug|x86.ActiveCfg = Debug|x86
		{C100E51A-2C9D-4621-A82C-5FA473CA71C9}.Debug|x86.Build.0 = Debug|x86
		{C100E51A-2C9D-4621-A82C-5FA473CA71C9}.Release|Any CPU.ActiveCfg = Release|Any CPU
		{C100E51A-2C9D-4621-A82C-5FA473CA71C9}.Release|Any CPU.Build.0 = Release|Any CPU
		{C100E51A-2C9D-4621-A82C-5FA473CA71C9}.Release|x86.ActiveCfg = Release|x86
		{C100E51A-2C9D-4621-A82C-5FA473CA71C9}.Release|x86.Build.0 = Release|x86
		{6E682A14-C872-4813-B620-76E108DEA683}.Debug|Any CPU.ActiveCfg = Debug|Any CPU
		{6E682A14-C872-4813-B620-76E108DEA683}.Debug|Any CPU.Build.0 = Debug|Any CPU
		{6E682A14-C872-4813-B620-76E108DEA683}.Debug|x86.ActiveCfg = Debug|x86
		{6E682A14-C872-4813-B620-76E108DEA683}.Debug|x86.Build.0 = Debug|x86
		{6E682A14-C872-4813-B620-76E108DEA683}.Release|Any CPU.ActiveCfg = Release|Any CPU
		{6E682A14-C872-4813-B620-76E108DEA683}.Release|Any CPU.Build.0 = Release|Any CPU
		{6E682A14-C872-4813-B620-76E108DEA683}.Release|x86.ActiveCfg = Release|x86
		{6E682A14-C872-4813-B620-76E108DEA683}.Release|x86.Build.0 = Release|x86
		{6BB1B17C-ADB6-4019-9028-EA8865DB8E7B}.Debug|Any CPU.ActiveCfg = Debug|Any CPU
		{6BB1B17C-ADB6-4019-9028-EA8865DB8E7B}.Debug|Any CPU.Build.0 = Debug|Any CPU
		{6BB1B17C-ADB6-4019-9028-EA8865DB8E7B}.Debug|x86.ActiveCfg = Debug|x86
		{6BB1B17C-ADB6-4019-9028-EA8865DB8E7B}.Debug|x86.Build.0 = Debug|x86
		{6BB1B17C-ADB6-4019-9028-EA8865DB8E7B}.Release|Any CPU.ActiveCfg = Release|Any CPU
		{6BB1B17C-ADB6-4019-9028-EA8865DB8E7B}.Release|Any CPU.Build.0 = Release|Any CPU
		{6BB1B17C-ADB6-4019-9028-EA8865DB8E7B}.Release|x86.ActiveCfg = Release|x86
		{6BB1B17C-ADB6-4019-9028-EA8865DB8E7B}.Release|x86.Build.0 = Release|x86
		{678DB4A2-A20D-4F71-8A98-D8BBE879DEDD}.Debug|Any CPU.ActiveCfg = Debug|Any CPU
		{678DB4A2-A20D-4F71-8A98-D8BBE879DEDD}.Debug|Any CPU.Build.0 = Debug|Any CPU
		{678DB4A2-A20D-4F71-8A98-D8BBE879DEDD}.Debug|x86.ActiveCfg = Debug|Any CPU
		{678DB4A2-A20D-4F71-8A98-D8BBE879DEDD}.Release|Any CPU.ActiveCfg = Release|Any CPU
		{678DB4A2-A20D-4F71-8A98-D8BBE879DEDD}.Release|Any CPU.Build.0 = Release|Any CPU
		{678DB4A2-A20D-4F71-8A98-D8BBE879DEDD}.Release|x86.ActiveCfg = Release|Any CPU
		{0FB607EA-4BB3-404B-9461-2232B5423885}.Debug|Any CPU.ActiveCfg = Debug|Any CPU
		{0FB607EA-4BB3-404B-9461-2232B5423885}.Debug|Any CPU.Build.0 = Debug|Any CPU
		{0FB607EA-4BB3-404B-9461-2232B5423885}.Debug|x86.ActiveCfg = Debug|Any CPU
		{0FB607EA-4BB3-404B-9461-2232B5423885}.Release|Any CPU.ActiveCfg = Release|Any CPU
		{0FB607EA-4BB3-404B-9461-2232B5423885}.Release|Any CPU.Build.0 = Release|Any CPU
		{0FB607EA-4BB3-404B-9461-2232B5423885}.Release|x86.ActiveCfg = Release|Any CPU
	EndGlobalSection
	GlobalSection(SolutionProperties) = preSolution
		HideSolutionNode = FALSE
	EndGlobalSection
	GlobalSection(NestedProjects) = preSolution
		{6E682A14-C872-4813-B620-76E108DEA683} = {D90F4E72-AD7E-4255-9631-AB84CBA6ABD0}
		{6BB1B17C-ADB6-4019-9028-EA8865DB8E7B} = {D90F4E72-AD7E-4255-9631-AB84CBA6ABD0}
	EndGlobalSection
	GlobalSection(ExtensibilityGlobals) = postSolution
		EnterpriseLibraryConfigurationToolBinariesPathV6 = packages\EnterpriseLibrary.TransientFaultHandling.6.0.1304.0\lib\portable-net45+win+wp8;packages\EnterpriseLibrary.TransientFaultHandling.Data.6.0.1304.1\lib\NET45;packages\EnterpriseLibrary.Common.6.0.1304.0\lib\NET45;packages\EnterpriseLibrary.ExceptionHandling.6.0.1304.0\lib\NET45
	EndGlobalSection
EndGlobal
